// !$*UTF8*$!
{
	archiveVersion = 1;
	classes = {
	};
	objectVersion = 46;
	objects = {

/* Begin PBXBuildFile section */
		45A310DA4007B8B94E694680 /* Pods_SHDemo.framework in Frameworks */ = {isa = PBXBuildFile; fileRef = 4D622D2A7CE12404DD11B122 /* Pods_SHDemo.framework */; };
		7B1DDEAF1F41ADE1005BCD3B /* main.m in Sources */ = {isa = PBXBuildFile; fileRef = 7B1DDEAE1F41ADE1005BCD3B /* main.m */; };
		7B1DDEB21F41ADE1005BCD3B /* AppDelegate.m in Sources */ = {isa = PBXBuildFile; fileRef = 7B1DDEB11F41ADE1005BCD3B /* AppDelegate.m */; };
		7B1DDEBA1F41ADE1005BCD3B /* Assets.xcassets in Resources */ = {isa = PBXBuildFile; fileRef = 7B1DDEB91F41ADE1005BCD3B /* Assets.xcassets */; };
		7B1DDEBD1F41ADE1005BCD3B /* LaunchScreen.storyboard in Resources */ = {isa = PBXBuildFile; fileRef = 7B1DDEBB1F41ADE1005BCD3B /* LaunchScreen.storyboard */; };
		7B1DDEC91F41AFAE005BCD3B /* SHBaseViewController.m in Sources */ = {isa = PBXBuildFile; fileRef = 7B1DDEC81F41AFAE005BCD3B /* SHBaseViewController.m */; };
		7B1DDECF1F41B0F1005BCD3B /* SHMainViewController.m in Sources */ = {isa = PBXBuildFile; fileRef = 7B1DDECE1F41B0F1005BCD3B /* SHMainViewController.m */; };
		7B1DDED31F41B21F005BCD3B /* SHWaveViewController.m in Sources */ = {isa = PBXBuildFile; fileRef = 7B1DDED21F41B21F005BCD3B /* SHWaveViewController.m */; };
		7B1DDED61F41B24B005BCD3B /* SHWaveView.m in Sources */ = {isa = PBXBuildFile; fileRef = 7B1DDED51F41B24B005BCD3B /* SHWaveView.m */; };
		7B5C69CA207B6F8700FBAC8F /* SHVideoBackgroundViewController.m in Sources */ = {isa = PBXBuildFile; fileRef = 7B5C69C9207B6F8700FBAC8F /* SHVideoBackgroundViewController.m */; };
		7B5C69CD207B6FB000FBAC8F /* SHVideoViewController.m in Sources */ = {isa = PBXBuildFile; fileRef = 7B5C69CC207B6FB000FBAC8F /* SHVideoViewController.m */; };
		7B5C69D0207B6FC900FBAC8F /* SHGifViewController.m in Sources */ = {isa = PBXBuildFile; fileRef = 7B5C69CF207B6FC900FBAC8F /* SHGifViewController.m */; };
		7B5C69D6207B701400FBAC8F /* water.mp4 in Resources */ = {isa = PBXBuildFile; fileRef = 7B5C69D2207B701200FBAC8F /* water.mp4 */; };
		7B5C69D7207B701400FBAC8F /* railway375.gif in Resources */ = {isa = PBXBuildFile; fileRef = 7B5C69D3207B701200FBAC8F /* railway375.gif */; };
		7B5C69D8207B701400FBAC8F /* railway320.gif in Resources */ = {isa = PBXBuildFile; fileRef = 7B5C69D4207B701400FBAC8F /* railway320.gif */; };
		7B5C69D9207B701400FBAC8F /* railway414.gif in Resources */ = {isa = PBXBuildFile; fileRef = 7B5C69D5207B701400FBAC8F /* railway414.gif */; };
		7B5C69DC207B70DB00FBAC8F /* SHColorLibrary.m in Sources */ = {isa = PBXBuildFile; fileRef = 7B5C69DB207B70DB00FBAC8F /* SHColorLibrary.m */; };
		7B5C69DE207B72C500FBAC8F /* AVFoundation.framework in Frameworks */ = {isa = PBXBuildFile; fileRef = 7B5C69DD207B72C500FBAC8F /* AVFoundation.framework */; };
		7B91CDD0240CB82A00751FFA /* SHJSEvaluateViewController.m in Sources */ = {isa = PBXBuildFile; fileRef = 7B91CDCF240CB82A00751FFA /* SHJSEvaluateViewController.m */; };
		7B9AF76B225349B100454F05 /* SHOnePixelCell.m in Sources */ = {isa = PBXBuildFile; fileRef = 7B9AF767225349B100454F05 /* SHOnePixelCell.m */; };
		7B9AF76C225349B100454F05 /* SHOnePixelViewController.m in Sources */ = {isa = PBXBuildFile; fileRef = 7B9AF76A225349B100454F05 /* SHOnePixelViewController.m */; };
/* End PBXBuildFile section */

/* Begin PBXFileReference section */
		381CDE6BC2E9B43207A4D4E9 /* Pods-SHDemo.debug.xcconfig */ = {isa = PBXFileReference; includeInIndex = 1; lastKnownFileType = text.xcconfig; name = "Pods-SHDemo.debug.xcconfig"; path = "Pods/Target Support Files/Pods-SHDemo/Pods-SHDemo.debug.xcconfig"; sourceTree = "<group>"; };
		4D622D2A7CE12404DD11B122 /* Pods_SHDemo.framework */ = {isa = PBXFileReference; explicitFileType = wrapper.framework; includeInIndex = 0; path = Pods_SHDemo.framework; sourceTree = BUILT_PRODUCTS_DIR; };
		6327AAB644845704D949DFA0 /* Pods-SHDemo.release.xcconfig */ = {isa = PBXFileReference; includeInIndex = 1; lastKnownFileType = text.xcconfig; name = "Pods-SHDemo.release.xcconfig"; path = "Pods/Target Support Files/Pods-SHDemo/Pods-SHDemo.release.xcconfig"; sourceTree = "<group>"; };
		7B1DDEAA1F41ADE1005BCD3B /* SHDemo.app */ = {isa = PBXFileReference; explicitFileType = wrapper.application; includeInIndex = 0; path = SHDemo.app; sourceTree = BUILT_PRODUCTS_DIR; };
		7B1DDEAE1F41ADE1005BCD3B /* main.m */ = {isa = PBXFileReference; lastKnownFileType = sourcecode.c.objc; path = main.m; sourceTree = "<group>"; };
		7B1DDEB01F41ADE1005BCD3B /* AppDelegate.h */ = {isa = PBXFileReference; lastKnownFileType = sourcecode.c.h; path = AppDelegate.h; sourceTree = "<group>"; };
		7B1DDEB11F41ADE1005BCD3B /* AppDelegate.m */ = {isa = PBXFileReference; lastKnownFileType = sourcecode.c.objc; path = AppDelegate.m; sourceTree = "<group>"; };
		7B1DDEB91F41ADE1005BCD3B /* Assets.xcassets */ = {isa = PBXFileReference; lastKnownFileType = folder.assetcatalog; path = Assets.xcassets; sourceTree = "<group>"; };
		7B1DDEBC1F41ADE1005BCD3B /* Base */ = {isa = PBXFileReference; lastKnownFileType = file.storyboard; name = Base; path = Base.lproj/LaunchScreen.storyboard; sourceTree = "<group>"; };
		7B1DDEBE1F41ADE1005BCD3B /* Info.plist */ = {isa = PBXFileReference; lastKnownFileType = text.plist.xml; path = Info.plist; sourceTree = "<group>"; };
		7B1DDEC71F41AFAE005BCD3B /* SHBaseViewController.h */ = {isa = PBXFileReference; fileEncoding = 4; lastKnownFileType = sourcecode.c.h; path = SHBaseViewController.h; sourceTree = "<group>"; };
		7B1DDEC81F41AFAE005BCD3B /* SHBaseViewController.m */ = {isa = PBXFileReference; fileEncoding = 4; lastKnownFileType = sourcecode.c.objc; path = SHBaseViewController.m; sourceTree = "<group>"; };
		7B1DDECB1F41B028005BCD3B /* SHGlobalDefine.h */ = {isa = PBXFileReference; fileEncoding = 4; lastKnownFileType = sourcecode.c.h; path = SHGlobalDefine.h; sourceTree = "<group>"; };
		7B1DDECC1F41B050005BCD3B /* SHPrefixHeader.pch */ = {isa = PBXFileReference; fileEncoding = 4; lastKnownFileType = sourcecode.c.h; path = SHPrefixHeader.pch; sourceTree = "<group>"; };
		7B1DDECD1F41B0F1005BCD3B /* SHMainViewController.h */ = {isa = PBXFileReference; fileEncoding = 4; lastKnownFileType = sourcecode.c.h; path = SHMainViewController.h; sourceTree = "<group>"; };
		7B1DDECE1F41B0F1005BCD3B /* SHMainViewController.m */ = {isa = PBXFileReference; fileEncoding = 4; lastKnownFileType = sourcecode.c.objc; path = SHMainViewController.m; sourceTree = "<group>"; };
		7B1DDED11F41B21F005BCD3B /* SHWaveViewController.h */ = {isa = PBXFileReference; fileEncoding = 4; lastKnownFileType = sourcecode.c.h; path = SHWaveViewController.h; sourceTree = "<group>"; };
		7B1DDED21F41B21F005BCD3B /* SHWaveViewController.m */ = {isa = PBXFileReference; fileEncoding = 4; lastKnownFileType = sourcecode.c.objc; path = SHWaveViewController.m; sourceTree = "<group>"; };
		7B1DDED41F41B24B005BCD3B /* SHWaveView.h */ = {isa = PBXFileReference; fileEncoding = 4; lastKnownFileType = sourcecode.c.h; path = SHWaveView.h; sourceTree = "<group>"; };
		7B1DDED51F41B24B005BCD3B /* SHWaveView.m */ = {isa = PBXFileReference; fileEncoding = 4; lastKnownFileType = sourcecode.c.objc; path = SHWaveView.m; sourceTree = "<group>"; };
		7B5C69C8207B6F8700FBAC8F /* SHVideoBackgroundViewController.h */ = {isa = PBXFileReference; lastKnownFileType = sourcecode.c.h; path = SHVideoBackgroundViewController.h; sourceTree = "<group>"; };
		7B5C69C9207B6F8700FBAC8F /* SHVideoBackgroundViewController.m */ = {isa = PBXFileReference; lastKnownFileType = sourcecode.c.objc; path = SHVideoBackgroundViewController.m; sourceTree = "<group>"; };
		7B5C69CB207B6FB000FBAC8F /* SHVideoViewController.h */ = {isa = PBXFileReference; lastKnownFileType = sourcecode.c.h; path = SHVideoViewController.h; sourceTree = "<group>"; };
		7B5C69CC207B6FB000FBAC8F /* SHVideoViewController.m */ = {isa = PBXFileReference; lastKnownFileType = sourcecode.c.objc; path = SHVideoViewController.m; sourceTree = "<group>"; };
		7B5C69CE207B6FC900FBAC8F /* SHGifViewController.h */ = {isa = PBXFileReference; lastKnownFileType = sourcecode.c.h; path = SHGifViewController.h; sourceTree = "<group>"; };
		7B5C69CF207B6FC900FBAC8F /* SHGifViewController.m */ = {isa = PBXFileReference; lastKnownFileType = sourcecode.c.objc; path = SHGifViewController.m; sourceTree = "<group>"; };
		7B5C69D2207B701200FBAC8F /* water.mp4 */ = {isa = PBXFileReference; lastKnownFileType = file; path = water.mp4; sourceTree = "<group>"; };
		7B5C69D3207B701200FBAC8F /* railway375.gif */ = {isa = PBXFileReference; lastKnownFileType = image.gif; path = railway375.gif; sourceTree = "<group>"; };
		7B5C69D4207B701400FBAC8F /* railway320.gif */ = {isa = PBXFileReference; lastKnownFileType = image.gif; path = railway320.gif; sourceTree = "<group>"; };
		7B5C69D5207B701400FBAC8F /* railway414.gif */ = {isa = PBXFileReference; lastKnownFileType = image.gif; path = railway414.gif; sourceTree = "<group>"; };
		7B5C69DA207B70DB00FBAC8F /* SHColorLibrary.h */ = {isa = PBXFileReference; lastKnownFileType = sourcecode.c.h; path = SHColorLibrary.h; sourceTree = "<group>"; };
		7B5C69DB207B70DB00FBAC8F /* SHColorLibrary.m */ = {isa = PBXFileReference; lastKnownFileType = sourcecode.c.objc; path = SHColorLibrary.m; sourceTree = "<group>"; };
		7B5C69DD207B72C500FBAC8F /* AVFoundation.framework */ = {isa = PBXFileReference; lastKnownFileType = wrapper.framework; name = AVFoundation.framework; path = System/Library/Frameworks/AVFoundation.framework; sourceTree = SDKROOT; };
		7B91CDCE240CB82A00751FFA /* SHJSEvaluateViewController.h */ = {isa = PBXFileReference; lastKnownFileType = sourcecode.c.h; path = SHJSEvaluateViewController.h; sourceTree = "<group>"; };
		7B91CDCF240CB82A00751FFA /* SHJSEvaluateViewController.m */ = {isa = PBXFileReference; lastKnownFileType = sourcecode.c.objc; path = SHJSEvaluateViewController.m; sourceTree = "<group>"; };
		7B9AF767225349B100454F05 /* SHOnePixelCell.m */ = {isa = PBXFileReference; fileEncoding = 4; lastKnownFileType = sourcecode.c.objc; path = SHOnePixelCell.m; sourceTree = "<group>"; };
		7B9AF768225349B100454F05 /* SHOnePixelViewController.h */ = {isa = PBXFileReference; fileEncoding = 4; lastKnownFileType = sourcecode.c.h; path = SHOnePixelViewController.h; sourceTree = "<group>"; };
		7B9AF769225349B100454F05 /* SHOnePixelCell.h */ = {isa = PBXFileReference; fileEncoding = 4; lastKnownFileType = sourcecode.c.h; path = SHOnePixelCell.h; sourceTree = "<group>"; };
		7B9AF76A225349B100454F05 /* SHOnePixelViewController.m */ = {isa = PBXFileReference; fileEncoding = 4; lastKnownFileType = sourcecode.c.objc; path = SHOnePixelViewController.m; sourceTree = "<group>"; };
/* End PBXFileReference section */

/* Begin PBXFrameworksBuildPhase section */
		7B1DDEA71F41ADE1005BCD3B /* Frameworks */ = {
			isa = PBXFrameworksBuildPhase;
			buildActionMask = 2147483647;
			files = (
				7B5C69DE207B72C500FBAC8F /* AVFoundation.framework in Frameworks */,
				45A310DA4007B8B94E694680 /* Pods_SHDemo.framework in Frameworks */,
			);
			runOnlyForDeploymentPostprocessing = 0;
		};
/* End PBXFrameworksBuildPhase section */

/* Begin PBXGroup section */
		7B1DDEA11F41ADE1005BCD3B = {
			isa = PBXGroup;
			children = (
				7B1DDEAC1F41ADE1005BCD3B /* SHDemo */,
				7B1DDEAB1F41ADE1005BCD3B /* Products */,
				9F661DE85B759795F2DAE0F4 /* Pods */,
				D7DD152815A22279D8E22A1F /* Frameworks */,
			);
			sourceTree = "<group>";
		};
		7B1DDEAB1F41ADE1005BCD3B /* Products */ = {
			isa = PBXGroup;
			children = (
				7B1DDEAA1F41ADE1005BCD3B /* SHDemo.app */,
			);
			name = Products;
			sourceTree = "<group>";
		};
		7B1DDEAC1F41ADE1005BCD3B /* SHDemo */ = {
			isa = PBXGroup;
			children = (
				7B1DDEC61F41AE9E005BCD3B /* Main */,
				7B1DDEC51F41AE9E005BCD3B /* Util */,
				7B1DDEC41F41AE9E005BCD3B /* BaseClass */,
				7B1DDEB01F41ADE1005BCD3B /* AppDelegate.h */,
				7B1DDEB11F41ADE1005BCD3B /* AppDelegate.m */,
				7B1DDEB91F41ADE1005BCD3B /* Assets.xcassets */,
				7B1DDEAD1F41ADE1005BCD3B /* Supporting Files */,
			);
			path = SHDemo;
			sourceTree = "<group>";
		};
		7B1DDEAD1F41ADE1005BCD3B /* Supporting Files */ = {
			isa = PBXGroup;
			children = (
				7B1DDEBB1F41ADE1005BCD3B /* LaunchScreen.storyboard */,
				7B1DDEBE1F41ADE1005BCD3B /* Info.plist */,
				7B1DDEAE1F41ADE1005BCD3B /* main.m */,
				7B1DDECC1F41B050005BCD3B /* SHPrefixHeader.pch */,
			);
			name = "Supporting Files";
			sourceTree = "<group>";
		};
		7B1DDEC41F41AE9E005BCD3B /* BaseClass */ = {
			isa = PBXGroup;
			children = (
				7B1DDEC71F41AFAE005BCD3B /* SHBaseViewController.h */,
				7B1DDEC81F41AFAE005BCD3B /* SHBaseViewController.m */,
			);
			path = BaseClass;
			sourceTree = "<group>";
		};
		7B1DDEC51F41AE9E005BCD3B /* Util */ = {
			isa = PBXGroup;
			children = (
				7B1DDECA1F41AFFB005BCD3B /* GlobalDefine */,
			);
			path = Util;
			sourceTree = "<group>";
		};
		7B1DDEC61F41AE9E005BCD3B /* Main */ = {
			isa = PBXGroup;
			children = (
				7B91CDCD240CB77800751FFA /* JSEvaluate */,
				7B9AF7662253493800454F05 /* OnePixel */,
				7B5C69C7207B6F3C00FBAC8F /* VideoBackground */,
				7B1DDED01F41B1F4005BCD3B /* Wave */,
				7B1DDECD1F41B0F1005BCD3B /* SHMainViewController.h */,
				7B1DDECE1F41B0F1005BCD3B /* SHMainViewController.m */,
			);
			path = Main;
			sourceTree = "<group>";
		};
		7B1DDECA1F41AFFB005BCD3B /* GlobalDefine */ = {
			isa = PBXGroup;
			children = (
				7B1DDECB1F41B028005BCD3B /* SHGlobalDefine.h */,
				7B5C69DA207B70DB00FBAC8F /* SHColorLibrary.h */,
				7B5C69DB207B70DB00FBAC8F /* SHColorLibrary.m */,
			);
			path = GlobalDefine;
			sourceTree = "<group>";
		};
		7B1DDED01F41B1F4005BCD3B /* Wave */ = {
			isa = PBXGroup;
			children = (
				7B1DDED41F41B24B005BCD3B /* SHWaveView.h */,
				7B1DDED51F41B24B005BCD3B /* SHWaveView.m */,
				7B1DDED11F41B21F005BCD3B /* SHWaveViewController.h */,
				7B1DDED21F41B21F005BCD3B /* SHWaveViewController.m */,
			);
			path = Wave;
			sourceTree = "<group>";
		};
		7B5C69C7207B6F3C00FBAC8F /* VideoBackground */ = {
			isa = PBXGroup;
			children = (
				7B5C69D1207B6FF500FBAC8F /* Resources */,
				7B5C69C8207B6F8700FBAC8F /* SHVideoBackgroundViewController.h */,
				7B5C69C9207B6F8700FBAC8F /* SHVideoBackgroundViewController.m */,
				7B5C69CB207B6FB000FBAC8F /* SHVideoViewController.h */,
				7B5C69CC207B6FB000FBAC8F /* SHVideoViewController.m */,
				7B5C69CE207B6FC900FBAC8F /* SHGifViewController.h */,
				7B5C69CF207B6FC900FBAC8F /* SHGifViewController.m */,
			);
			path = VideoBackground;
			sourceTree = "<group>";
		};
		7B5C69D1207B6FF500FBAC8F /* Resources */ = {
			isa = PBXGroup;
			children = (
				7B5C69D4207B701400FBAC8F /* railway320.gif */,
				7B5C69D3207B701200FBAC8F /* railway375.gif */,
				7B5C69D5207B701400FBAC8F /* railway414.gif */,
				7B5C69D2207B701200FBAC8F /* water.mp4 */,
			);
			path = Resources;
			sourceTree = "<group>";
		};
		7B91CDCD240CB77800751FFA /* JSEvaluate */ = {
			isa = PBXGroup;
			children = (
				7B91CDCE240CB82A00751FFA /* SHJSEvaluateViewController.h */,
				7B91CDCF240CB82A00751FFA /* SHJSEvaluateViewController.m */,
			);
			path = JSEvaluate;
			sourceTree = "<group>";
		};
		7B9AF7662253493800454F05 /* OnePixel */ = {
			isa = PBXGroup;
			children = (
				7B9AF769225349B100454F05 /* SHOnePixelCell.h */,
				7B9AF767225349B100454F05 /* SHOnePixelCell.m */,
				7B9AF768225349B100454F05 /* SHOnePixelViewController.h */,
				7B9AF76A225349B100454F05 /* SHOnePixelViewController.m */,
			);
			path = OnePixel;
			sourceTree = "<group>";
		};
		9F661DE85B759795F2DAE0F4 /* Pods */ = {
			isa = PBXGroup;
			children = (
				381CDE6BC2E9B43207A4D4E9 /* Pods-SHDemo.debug.xcconfig */,
				6327AAB644845704D949DFA0 /* Pods-SHDemo.release.xcconfig */,
			);
			name = Pods;
			sourceTree = "<group>";
		};
		D7DD152815A22279D8E22A1F /* Frameworks */ = {
			isa = PBXGroup;
			children = (
				7B5C69DD207B72C500FBAC8F /* AVFoundation.framework */,
				4D622D2A7CE12404DD11B122 /* Pods_SHDemo.framework */,
			);
			name = Frameworks;
			sourceTree = "<group>";
		};
/* End PBXGroup section */

/* Begin PBXNativeTarget section */
		7B1DDEA91F41ADE1005BCD3B /* SHDemo */ = {
			isa = PBXNativeTarget;
			buildConfigurationList = 7B1DDEC11F41ADE1005BCD3B /* Build configuration list for PBXNativeTarget "SHDemo" */;
			buildPhases = (
				91BADDB2CDDAF6A377257F55 /* [CP] Check Pods Manifest.lock */,
				7B1DDEA61F41ADE1005BCD3B /* Sources */,
				7B1DDEA71F41ADE1005BCD3B /* Frameworks */,
				7B1DDEA81F41ADE1005BCD3B /* Resources */,
				06BB7C08FAD6A84B788898C7 /* [CP] Embed Pods Frameworks */,
			);
			buildRules = (
			);
			dependencies = (
			);
			name = SHDemo;
			productName = SHDemo;
			productReference = 7B1DDEAA1F41ADE1005BCD3B /* SHDemo.app */;
			productType = "com.apple.product-type.application";
		};
/* End PBXNativeTarget section */

/* Begin PBXProject section */
		7B1DDEA21F41ADE1005BCD3B /* Project object */ = {
			isa = PBXProject;
			attributes = {
				CLASSPREFIX = SH;
				LastUpgradeCheck = 0830;
				ORGANIZATIONNAME = yzq;
				TargetAttributes = {
					7B1DDEA91F41ADE1005BCD3B = {
						CreatedOnToolsVersion = 8.3.1;
						ProvisioningStyle = Automatic;
					};
				};
			};
			buildConfigurationList = 7B1DDEA51F41ADE1005BCD3B /* Build configuration list for PBXProject "SHDemo" */;
			compatibilityVersion = "Xcode 3.2";
			developmentRegion = English;
			hasScannedForEncodings = 0;
			knownRegions = (
				English,
				en,
				Base,
			);
			mainGroup = 7B1DDEA11F41ADE1005BCD3B;
			productRefGroup = 7B1DDEAB1F41ADE1005BCD3B /* Products */;
			projectDirPath = "";
			projectRoot = "";
			targets = (
				7B1DDEA91F41ADE1005BCD3B /* SHDemo */,
			);
		};
/* End PBXProject section */

/* Begin PBXResourcesBuildPhase section */
		7B1DDEA81F41ADE1005BCD3B /* Resources */ = {
			isa = PBXResourcesBuildPhase;
			buildActionMask = 2147483647;
			files = (
				7B5C69D8207B701400FBAC8F /* railway320.gif in Resources */,
				7B1DDEBD1F41ADE1005BCD3B /* LaunchScreen.storyboard in Resources */,
				7B1DDEBA1F41ADE1005BCD3B /* Assets.xcassets in Resources */,
				7B5C69D7207B701400FBAC8F /* railway375.gif in Resources */,
				7B5C69D9207B701400FBAC8F /* railway414.gif in Resources */,
				7B5C69D6207B701400FBAC8F /* water.mp4 in Resources */,
			);
			runOnlyForDeploymentPostprocessing = 0;
		};
/* End PBXResourcesBuildPhase section */

/* Begin PBXShellScriptBuildPhase section */
		06BB7C08FAD6A84B788898C7 /* [CP] Embed Pods Frameworks */ = {
			isa = PBXShellScriptBuildPhase;
			buildActionMask = 2147483647;
			files = (
			);
			inputPaths = (
				"${PODS_ROOT}/Target Support Files/Pods-SHDemo/Pods-SHDemo-frameworks.sh",
				"${BUILT_PRODUCTS_DIR}/Masonry/Masonry.framework",
			);
			name = "[CP] Embed Pods Frameworks";
			outputPaths = (
				"${TARGET_BUILD_DIR}/${FRAMEWORKS_FOLDER_PATH}/Masonry.framework",
			);
			runOnlyForDeploymentPostprocessing = 0;
			shellPath = /bin/sh;
			shellScript = "\"${PODS_ROOT}/Target Support Files/Pods-SHDemo/Pods-SHDemo-frameworks.sh\"\n";
			showEnvVarsInLog = 0;
		};
		91BADDB2CDDAF6A377257F55 /* [CP] Check Pods Manifest.lock */ = {
			isa = PBXShellScriptBuildPhase;
			buildActionMask = 2147483647;
			files = (
			);
			inputPaths = (
				"${PODS_PODFILE_DIR_PATH}/Podfile.lock",
				"${PODS_ROOT}/Manifest.lock",
			);
			name = "[CP] Check Pods Manifest.lock";
			outputPaths = (
				"$(DERIVED_FILE_DIR)/Pods-SHDemo-checkManifestLockResult.txt",
			);
			runOnlyForDeploymentPostprocessing = 0;
			shellPath = /bin/sh;
			shellScript = "diff \"${PODS_PODFILE_DIR_PATH}/Podfile.lock\" \"${PODS_ROOT}/Manifest.lock\" > /dev/null\nif [ $? != 0 ] ; then\n    # print error to STDERR\n    echo \"error: The sandbox is not in sync with the Podfile.lock. Run 'pod install' or update your CocoaPods installation.\" >&2\n    exit 1\nfi\n# This output is used by Xcode 'outputs' to avoid re-running this script phase.\necho \"SUCCESS\" > \"${SCRIPT_OUTPUT_FILE_0}\"\n";
			showEnvVarsInLog = 0;
		};
/* End PBXShellScriptBuildPhase section */

/* Begin PBXSourcesBuildPhase section */
		7B1DDEA61F41ADE1005BCD3B /* Sources */ = {
			isa = PBXSourcesBuildPhase;
			buildActionMask = 2147483647;
			files = (
				7B1DDED61F41B24B005BCD3B /* SHWaveView.m in Sources */,
				7B1DDED31F41B21F005BCD3B /* SHWaveViewController.m in Sources */,
				7B9AF76B225349B100454F05 /* SHOnePixelCell.m in Sources */,
				7B1DDECF1F41B0F1005BCD3B /* SHMainViewController.m in Sources */,
				7B5C69CD207B6FB000FBAC8F /* SHVideoViewController.m in Sources */,
				7B5C69DC207B70DB00FBAC8F /* SHColorLibrary.m in Sources */,
				7B1DDEB21F41ADE1005BCD3B /* AppDelegate.m in Sources */,
				7B91CDD0240CB82A00751FFA /* SHJSEvaluateViewController.m in Sources */,
				7B9AF76C225349B100454F05 /* SHOnePixelViewController.m in Sources */,
				7B1DDEC91F41AFAE005BCD3B /* SHBaseViewController.m in Sources */,
				7B5C69CA207B6F8700FBAC8F /* SHVideoBackgroundViewController.m in Sources */,
				7B5C69D0207B6FC900FBAC8F /* SHGifViewController.m in Sources */,
				7B1DDEAF1F41ADE1005BCD3B /* main.m in Sources */,
			);
			runOnlyForDeploymentPostprocessing = 0;
		};
/* End PBXSourcesBuildPhase section */

/* Begin PBXVariantGroup section */
		7B1DDEBB1F41ADE1005BCD3B /* LaunchScreen.storyboard */ = {
			isa = PBXVariantGroup;
			children = (
				7B1DDEBC1F41ADE1005BCD3B /* Base */,
			);
			name = LaunchScreen.storyboard;
			sourceTree = "<group>";
		};
/* End PBXVariantGroup section */

/* Begin XCBuildConfiguration section */
		7B1DDEBF1F41ADE1005BCD3B /* Debug */ = {
			isa = XCBuildConfiguration;
			buildSettings = {
				ALWAYS_SEARCH_USER_PATHS = NO;
				CLANG_ANALYZER_NONNULL = YES;
				CLANG_ANALYZER_NUMBER_OBJECT_CONVERSION = YES_AGGRESSIVE;
				CLANG_CXX_LANGUAGE_STANDARD = "gnu++0x";
				CLANG_CXX_LIBRARY = "libc++";
				CLANG_ENABLE_MODULES = YES;
				CLANG_ENABLE_OBJC_ARC = YES;
				CLANG_WARN_BOOL_CONVERSION = YES;
				CLANG_WARN_CONSTANT_CONVERSION = YES;
				CLANG_WARN_DIRECT_OBJC_ISA_USAGE = YES_ERROR;
				CLANG_WARN_DOCUMENTATION_COMMENTS = YES;
				CLANG_WARN_EMPTY_BODY = YES;
				CLANG_WARN_ENUM_CONVERSION = YES;
				CLANG_WARN_INFINITE_RECURSION = YES;
				CLANG_WARN_INT_CONVERSION = YES;
				CLANG_WARN_OBJC_ROOT_CLASS = YES_ERROR;
				CLANG_WARN_SUSPICIOUS_MOVE = YES;
				CLANG_WARN_UNREACHABLE_CODE = YES;
				CLANG_WARN__DUPLICATE_METHOD_MATCH = YES;
				"CODE_SIGN_IDENTITY[sdk=iphoneos*]" = "iPhone Developer";
				COPY_PHASE_STRIP = NO;
				DEBUG_INFORMATION_FORMAT = dwarf;
				ENABLE_STRICT_OBJC_MSGSEND = YES;
				ENABLE_TESTABILITY = YES;
				GCC_C_LANGUAGE_STANDARD = gnu99;
				GCC_DYNAMIC_NO_PIC = NO;
				GCC_NO_COMMON_BLOCKS = YES;
				GCC_OPTIMIZATION_LEVEL = 0;
				GCC_PREPROCESSOR_DEFINITIONS = (
					"DEBUG=1",
					"$(inherited)",
				);
				GCC_WARN_64_TO_32_BIT_CONVERSION = YES;
				GCC_WARN_ABOUT_RETURN_TYPE = YES_ERROR;
				GCC_WARN_UNDECLARED_SELECTOR = YES;
				GCC_WARN_UNINITIALIZED_AUTOS = YES_AGGRESSIVE;
				GCC_WARN_UNUSED_FUNCTION = YES;
				GCC_WARN_UNUSED_VARIABLE = YES;
				IPHONEOS_DEPLOYMENT_TARGET = 10.3;
				MTL_ENABLE_DEBUG_INFO = YES;
				ONLY_ACTIVE_ARCH = YES;
				SDKROOT = iphoneos;
				TARGETED_DEVICE_FAMILY = "1,2";
			};
			name = Debug;
		};
		7B1DDEC01F41ADE1005BCD3B /* Release */ = {
			isa = XCBuildConfiguration;
			buildSettings = {
				ALWAYS_SEARCH_USER_PATHS = NO;
				CLANG_ANALYZER_NONNULL = YES;
				CLANG_ANALYZER_NUMBER_OBJECT_CONVERSION = YES_AGGRESSIVE;
				CLANG_CXX_LANGUAGE_STANDARD = "gnu++0x";
				CLANG_CXX_LIBRARY = "libc++";
				CLANG_ENABLE_MODULES = YES;
				CLANG_ENABLE_OBJC_ARC = YES;
				CLANG_WARN_BOOL_CONVERSION = YES;
				CLANG_WARN_CONSTANT_CONVERSION = YES;
				CLANG_WARN_DIRECT_OBJC_ISA_USAGE = YES_ERROR;
				CLANG_WARN_DOCUMENTATION_COMMENTS = YES;
				CLANG_WARN_EMPTY_BODY = YES;
				CLANG_WARN_ENUM_CONVERSION = YES;
				CLANG_WARN_INFINITE_RECURSION = YES;
				CLANG_WARN_INT_CONVERSION = YES;
				CLANG_WARN_OBJC_ROOT_CLASS = YES_ERROR;
				CLANG_WARN_SUSPICIOUS_MOVE = YES;
				CLANG_WARN_UNREACHABLE_CODE = YES;
				CLANG_WARN__DUPLICATE_METHOD_MATCH = YES;
				"CODE_SIGN_IDENTITY[sdk=iphoneos*]" = "iPhone Developer";
				COPY_PHASE_STRIP = NO;
				DEBUG_INFORMATION_FORMAT = "dwarf-with-dsym";
				ENABLE_NS_ASSERTIONS = NO;
				ENABLE_STRICT_OBJC_MSGSEND = YES;
				GCC_C_LANGUAGE_STANDARD = gnu99;
				GCC_NO_COMMON_BLOCKS = YES;
				GCC_WARN_64_TO_32_BIT_CONVERSION = YES;
				GCC_WARN_ABOUT_RETURN_TYPE = YES_ERROR;
				GCC_WARN_UNDECLARED_SELECTOR = YES;
				GCC_WARN_UNINITIALIZED_AUTOS = YES_AGGRESSIVE;
				GCC_WARN_UNUSED_FUNCTION = YES;
				GCC_WARN_UNUSED_VARIABLE = YES;
				IPHONEOS_DEPLOYMENT_TARGET = 10.3;
				MTL_ENABLE_DEBUG_INFO = NO;
				SDKROOT = iphoneos;
				TARGETED_DEVICE_FAMILY = "1,2";
				VALIDATE_PRODUCT = YES;
			};
			name = Release;
		};
		7B1DDEC21F41ADE1005BCD3B /* Debug */ = {
			isa = XCBuildConfiguration;
			baseConfigurationReference = 381CDE6BC2E9B43207A4D4E9 /* Pods-SHDemo.debug.xcconfig */;
			buildSettings = {
				ASSETCATALOG_COMPILER_APPICON_NAME = AppIcon;
				GCC_PREFIX_HEADER = "$(SRCROOT)/$(PROJECT_NAME)/SHPrefixHeader.pch";
				INFOPLIST_FILE = SHDemo/Info.plist;
				LD_RUNPATH_SEARCH_PATHS = "$(inherited) @executable_path/Frameworks";
				PRODUCT_BUNDLE_IDENTIFIER = com.yzq.SHDemo;
				PRODUCT_NAME = "$(TARGET_NAME)";
			};
			name = Debug;
		};
		7B1DDEC31F41ADE1005BCD3B /* Release */ = {
			isa = XCBuildConfiguration;
			baseConfigurationReference = 6327AAB644845704D949DFA0 /* Pods-SHDemo.release.xcconfig */;
			buildSettings = {
				ASSETCATALOG_COMPILER_APPICON_NAME = AppIcon;
				GCC_PREFIX_HEADER = "$(SRCROOT)/$(PROJECT_NAME)/SHPrefixHeader.pch";
				INFOPLIST_FILE = SHDemo/Info.plist;
				LD_RUNPATH_SEARCH_PATHS = "$(inherited) @executable_path/Frameworks";
				PRODUCT_BUNDLE_IDENTIFIER = com.yzq.SHDemo;
				PRODUCT_NAME = "$(TARGET_NAME)";
			};
			name = Release;
		};
/* End XCBuildConfiguration section */

/* Begin XCConfigurationList section */
		7B1DDEA51F41ADE1005BCD3B /* Build configuration list for PBXProject "SHDemo" */ = {
			isa = XCConfigurationList;
			buildConfigurations = (
				7B1DDEBF1F41ADE1005BCD3B /* Debug */,
				7B1DDEC01F41ADE1005BCD3B /* Release */,
			);
			defaultConfigurationIsVisible = 0;
			defaultConfigurationName = Release;
		};
		7B1DDEC11F41ADE1005BCD3B /* Build configuration list for PBXNativeTarget "SHDemo" */ = {
			isa = XCConfigurationList;
			buildConfigurations = (
				7B1DDEC21F41ADE1005BCD3B /* Debug */,
				7B1DDEC31F41ADE1005BCD3B /* Release */,
			);
			defaultConfigurationIsVisible = 0;
			defaultConfigurationName = Release;
		};
/* End XCConfigurationList section */
	};
	rootObject = 7B1DDEA21F41ADE1005BCD3B /* Project object */;
}
